
Microsoft Visual Studio Solution File, Format Version 12.00
# Visual Studio Version 17
VisualStudioVersion = 17.3.32929.385
MinimumVisualStudioVersion = 10.0.40219.1
Project("{FAE04EC0-301F-11D3-BF4B-00C04F79EFBC}") = "Sum, min, max, avg", "Sum, min, max, avg\Sum, min, max, avg.csproj", "{1AFC77BF-8ECA-4B04-A3E4-3CC5326D120A}"
EndProject
Project("{FAE04EC0-301F-11D3-BF4B-00C04F79EFBC}") = "3BiggestNums", "3BiggestNums\3BiggestNums.csproj", "{3F51DC27-7742-420D-836F-EB80D4E8AE79}"
EndProject
Project("{FAE04EC0-301F-11D3-BF4B-00C04F79EFBC}") = "FoldAndSum", "FoldAndSum\FoldAndSum.csproj", "{BBC8EF37-8491-428C-8E1C-F8DBFA8D52BF}"
EndProject
Global
	GlobalSection(SolutionConfigurationPlatforms) = preSolution
		Debug|Any CPU = Debug|Any CPU
		Release|Any CPU = Release|Any CPU
	EndGlobalSection
	GlobalSection(ProjectConfigurationPlatforms) = postSolution
		{1AFC77BF-8ECA-4B04-A3E4-3CC5326D120A}.Debug|Any CPU.ActiveCfg = Debug|Any CPU
		{1AFC77BF-8ECA-4B04-A3E4-3CC5326D120A}.Debug|Any CPU.Build.0 = Debug|Any CPU
		{1AFC77BF-8ECA-4B04-A3E4-3CC5326D120A}.Release|Any CPU.ActiveCfg = Release|Any CPU
		{1AFC77BF-8ECA-4B04-A3E4-3CC5326D120A}.Release|Any CPU.Build.0 = Release|Any CPU
		{3F51DC27-7742-420D-836F-EB80D4E8AE79}.Debug|Any CPU.ActiveCfg = Debug|Any CPU
		{3F51DC27-7742-420D-836F-EB80D4E8AE79}.Debug|Any CPU.Build.0 = Debug|Any CPU
		{3F51DC27-7742-420D-836F-EB80D4E8AE79}.Release|Any CPU.ActiveCfg = Release|Any CPU
		{3F51DC27-7742-420D-836F-EB80D4E8AE79}.Release|Any CPU.Build.0 = Release|Any CPU
		{BBC8EF37-8491-428C-8E1C-F8DBFA8D52BF}.Debug|Any CPU.ActiveCfg = Debug|Any CPU
		{BBC8EF37-8491-428C-8E1C-F8DBFA8D52BF}.Debug|Any CPU.Build.0 = Debug|Any CPU
		{BBC8EF37-8491-428C-8E1C-F8DBFA8D52BF}.Release|Any CPU.ActiveCfg = Release|Any CPU
		{BBC8EF37-8491-428C-8E1C-F8DBFA8D52BF}.Release|Any CPU.Build.0 = Release|Any CPU
	EndGlobalSection
	GlobalSection(SolutionProperties) = preSolution
		HideSolutionNode = FALSE
	EndGlobalSection
	GlobalSection(ExtensibilityGlobals) = postSolution
		SolutionGuid = {54445F53-895D-4C25-B4F3-B0FBAA3DA5A7}
	EndGlobalSection
EndGlobal
